
Microsoft Visual Studio Solution File, Format Version 12.00
Project("{FAE04EC0-301F-11D3-BF4B-00C04F79EFBC}") = "MedSave", "MedSave\MedSave.csproj", "{01010192-3527-43B1-8101-0EAC5DBB134F}"
EndProject
Project("{FAE04EC0-301F-11D3-BF4B-00C04F79EFBC}") = "MedSaveTests", "MedSaveTests\MedSaveTests.csproj", "{3290FCF0-5E06-4635-B484-D9DD7881790E}"
EndProject
Global
	GlobalSection(SolutionConfigurationPlatforms) = preSolution
		Debug|Any CPU = Debug|Any CPU
		Release|Any CPU = Release|Any CPU
	EndGlobalSection
	GlobalSection(ProjectConfigurationPlatforms) = postSolution
		{01010192-3527-43B1-8101-0EAC5DBB134F}.Debug|Any CPU.ActiveCfg = Debug|Any CPU
		{01010192-3527-43B1-8101-0EAC5DBB134F}.Debug|Any CPU.Build.0 = Debug|Any CPU
		{01010192-3527-43B1-8101-0EAC5DBB134F}.Release|Any CPU.ActiveCfg = Release|Any CPU
		{01010192-3527-43B1-8101-0EAC5DBB134F}.Release|Any CPU.Build.0 = Release|Any CPU
		{3290FCF0-5E06-4635-B484-D9DD7881790E}.Debug|Any CPU.ActiveCfg = Debug|Any CPU
		{3290FCF0-5E06-4635-B484-D9DD7881790E}.Debug|Any CPU.Build.0 = Debug|Any CPU
		{3290FCF0-5E06-4635-B484-D9DD7881790E}.Release|Any CPU.ActiveCfg = Release|Any CPU
		{3290FCF0-5E06-4635-B484-D9DD7881790E}.Release|Any CPU.Build.0 = Release|Any CPU
	EndGlobalSection
EndGlobal
